// !$*UTF8*$!
{
	archiveVersion = 1;
	classes = {
	};
	objectVersion = 56;
	objects = {

/* Begin PBXBuildFile section */
		52F9A63529CA02AF00902436 /* fcmtestApp.swift in Sources */ = {isa = PBXBuildFile; fileRef = 52F9A63429CA02AF00902436 /* fcmtestApp.swift */; };
		52F9A63729CA02AF00902436 /* ContentView.swift in Sources */ = {isa = PBXBuildFile; fileRef = 52F9A63629CA02AF00902436 /* ContentView.swift */; };
		52F9A63929CA02B200902436 /* Assets.xcassets in Resources */ = {isa = PBXBuildFile; fileRef = 52F9A63829CA02B200902436 /* Assets.xcassets */; };
		52F9A63C29CA02B200902436 /* Preview Assets.xcassets in Resources */ = {isa = PBXBuildFile; fileRef = 52F9A63B29CA02B200902436 /* Preview Assets.xcassets */; };
		52F9A64629CA02B300902436 /* fcmtestTests.swift in Sources */ = {isa = PBXBuildFile; fileRef = 52F9A64529CA02B300902436 /* fcmtestTests.swift */; };
		52F9A65029CA02B300902436 /* fcmtestUITests.swift in Sources */ = {isa = PBXBuildFile; fileRef = 52F9A64F29CA02B300902436 /* fcmtestUITests.swift */; };
		52F9A65229CA02B300902436 /* fcmtestUITestsLaunchTests.swift in Sources */ = {isa = PBXBuildFile; fileRef = 52F9A65129CA02B300902436 /* fcmtestUITestsLaunchTests.swift */; };
/* End PBXBuildFile section */

/* Begin PBXContainerItemProxy section */
		52F9A64229CA02B300902436 /* PBXContainerItemProxy */ = {
			isa = PBXContainerItemProxy;
			containerPortal = 52F9A62929CA02AF00902436 /* Project object */;
			proxyType = 1;
			remoteGlobalIDString = 52F9A63029CA02AF00902436;
			remoteInfo = fcmtest;
		};
		52F9A64C29CA02B300902436 /* PBXContainerItemProxy */ = {
			isa = PBXContainerItemProxy;
			containerPortal = 52F9A62929CA02AF00902436 /* Project object */;
			proxyType = 1;
			remoteGlobalIDString = 52F9A63029CA02AF00902436;
			remoteInfo = fcmtest;
		};
/* End PBXContainerItemProxy section */

/* Begin PBXFileReference section */
		52F9A63129CA02AF00902436 /* fcmtest.app */ = {isa = PBXFileReference; explicitFileType = wrapper.application; includeInIndex = 0; path = fcmtest.app; sourceTree = BUILT_PRODUCTS_DIR; };
		52F9A63429CA02AF00902436 /* fcmtestApp.swift */ = {isa = PBXFileReference; lastKnownFileType = sourcecode.swift; path = fcmtestApp.swift; sourceTree = "<group>"; };
		52F9A63629CA02AF00902436 /* ContentView.swift */ = {isa = PBXFileReference; lastKnownFileType = sourcecode.swift; path = ContentView.swift; sourceTree = "<group>"; };
		52F9A63829CA02B200902436 /* Assets.xcassets */ = {isa = PBXFileReference; lastKnownFileType = folder.assetcatalog; path = Assets.xcassets; sourceTree = "<group>"; };
		52F9A63B29CA02B200902436 /* Preview Assets.xcassets */ = {isa = PBXFileReference; lastKnownFileType = folder.assetcatalog; path = "Preview Assets.xcassets"; sourceTree = "<group>"; };
		52F9A64129CA02B300902436 /* fcmtestTests.xctest */ = {isa = PBXFileReference; explicitFileType = wrapper.cfbundle; includeInIndex = 0; path = fcmtestTests.xctest; sourceTree = BUILT_PRODUCTS_DIR; };
		52F9A64529CA02B300902436 /* fcmtestTests.swift */ = {isa = PBXFileReference; lastKnownFileType = sourcecode.swift; path = fcmtestTests.swift; sourceTree = "<group>"; };
		52F9A64B29CA02B300902436 /* fcmtestUITests.xctest */ = {isa = PBXFileReference; explicitFileType = wrapper.cfbundle; includeInIndex = 0; path = fcmtestUITests.xctest; sourceTree = BUILT_PRODUCTS_DIR; };
		52F9A64F29CA02B300902436 /* fcmtestUITests.swift */ = {isa = PBXFileReference; lastKnownFileType = sourcecode.swift; path = fcmtestUITests.swift; sourceTree = "<group>"; };
		52F9A65129CA02B300902436 /* fcmtestUITestsLaunchTests.swift */ = {isa = PBXFileReference; lastKnownFileType = sourcecode.swift; path = fcmtestUITestsLaunchTests.swift; sourceTree = "<group>"; };
/* End PBXFileReference section */

/* Begin PBXFrameworksBuildPhase section */
		52F9A62E29CA02AF00902436 /* Frameworks */ = {
			isa = PBXFrameworksBuildPhase;
			buildActionMask = 2147483647;
			files = (
			);
			runOnlyForDeploymentPostprocessing = 0;
		};
		52F9A63E29CA02B300902436 /* Frameworks */ = {
			isa = PBXFrameworksBuildPhase;
			buildActionMask = 2147483647;
			files = (
			);
			runOnlyForDeploymentPostprocessing = 0;
		};
		52F9A64829CA02B300902436 /* Frameworks */ = {
			isa = PBXFrameworksBuildPhase;
			buildActionMask = 2147483647;
			files = (
			);
			runOnlyForDeploymentPostprocessing = 0;
		};
/* End PBXFrameworksBuildPhase section */

/* Begin PBXGroup section */
		52F9A62829CA02AE00902436 = {
			isa = PBXGroup;
			children = (
				52F9A63329CA02AF00902436 /* fcmtest */,
				52F9A64429CA02B300902436 /* fcmtestTests */,
				52F9A64E29CA02B300902436 /* fcmtestUITests */,
				52F9A63229CA02AF00902436 /* Products */,
			);
			sourceTree = "<group>";
		};
		52F9A63229CA02AF00902436 /* Products */ = {
			isa = PBXGroup;
			children = (
				52F9A63129CA02AF00902436 /* fcmtest.app */,
				52F9A64129CA02B300902436 /* fcmtestTests.xctest */,
				52F9A64B29CA02B300902436 /* fcmtestUITests.xctest */,
			);
			name = Products;
			sourceTree = "<group>";
		};
		52F9A63329CA02AF00902436 /* fcmtest */ = {
			isa = PBXGroup;
			children = (
				52F9A63429CA02AF00902436 /* fcmtestApp.swift */,
				52F9A63629CA02AF00902436 /* ContentView.swift */,
				52F9A63829CA02B200902436 /* Assets.xcassets */,
				52F9A63A29CA02B200902436 /* Preview Content */,
			);
			path = fcmtest;
			sourceTree = "<group>";
		};
		52F9A63A29CA02B200902436 /* Preview Content */ = {
			isa = PBXGroup;
			children = (
				52F9A63B29CA02B200902436 /* Preview Assets.xcassets */,
			);
			path = "Preview Content";
			sourceTree = "<group>";
		};
		52F9A64429CA02B300902436 /* fcmtestTests */ = {
			isa = PBXGroup;
			children = (
				52F9A64529CA02B300902436 /* fcmtestTests.swift */,
			);
			path = fcmtestTests;
			sourceTree = "<group>";
		};
		52F9A64E29CA02B300902436 /* fcmtestUITests */ = {
			isa = PBXGroup;
			children = (
				52F9A64F29CA02B300902436 /* fcmtestUITests.swift */,
				52F9A65129CA02B300902436 /* fcmtestUITestsLaunchTests.swift */,
			);
			path = fcmtestUITests;
			sourceTree = "<group>";
		};
/* End PBXGroup section */

/* Begin PBXNativeTarget section */
		52F9A63029CA02AF00902436 /* fcmtest */ = {
			isa = PBXNativeTarget;
			buildConfigurationList = 52F9A65529CA02B300902436 /* Build configuration list for PBXNativeTarget "fcmtest" */;
			buildPhases = (
				52F9A62D29CA02AF00902436 /* Sources */,
				52F9A62E29CA02AF00902436 /* Frameworks */,
				52F9A62F29CA02AF00902436 /* Resources */,
			);
			buildRules = (
			);
			dependencies = (
			);
			name = fcmtest;
			productName = fcmtest;
			productReference = 52F9A63129CA02AF00902436 /* fcmtest.app */;
			productType = "com.apple.product-type.application";
		};
		52F9A64029CA02B300902436 /* fcmtestTests */ = {
			isa = PBXNativeTarget;
			buildConfigurationList = 52F9A65829CA02B300902436 /* Build configuration list for PBXNativeTarget "fcmtestTests" */;
			buildPhases = (
				52F9A63D29CA02B300902436 /* Sources */,
				52F9A63E29CA02B300902436 /* Frameworks */,
				52F9A63F29CA02B300902436 /* Resources */,
			);
			buildRules = (
			);
			dependencies = (
				52F9A64329CA02B300902436 /* PBXTargetDependency */,
			);
			name = fcmtestTests;
			productName = fcmtestTests;
			productReference = 52F9A64129CA02B300902436 /* fcmtestTests.xctest */;
			productType = "com.apple.product-type.bundle.unit-test";
		};
		52F9A64A29CA02B300902436 /* fcmtestUITests */ = {
			isa = PBXNativeTarget;
			buildConfigurationList = 52F9A65B29CA02B300902436 /* Build configuration list for PBXNativeTarget "fcmtestUITests" */;
			buildPhases = (
				52F9A64729CA02B300902436 /* Sources */,
				52F9A64829CA02B300902436 /* Frameworks */,
				52F9A64929CA02B300902436 /* Resources */,
			);
			buildRules = (
			);
			dependencies = (
				52F9A64D29CA02B300902436 /* PBXTargetDependency */,
			);
			name = fcmtestUITests;
			productName = fcmtestUITests;
			productReference = 52F9A64B29CA02B300902436 /* fcmtestUITests.xctest */;
			productType = "com.apple.product-type.bundle.ui-testing";
		};
/* End PBXNativeTarget section */

/* Begin PBXProject section */
		52F9A62929CA02AF00902436 /* Project object */ = {
			isa = PBXProject;
			attributes = {
				BuildIndependentTargetsInParallel = 1;
				LastSwiftUpdateCheck = 1420;
				LastUpgradeCheck = 1420;
				TargetAttributes = {
					52F9A63029CA02AF00902436 = {
						CreatedOnToolsVersion = 14.2;
					};
					52F9A64029CA02B300902436 = {
						CreatedOnToolsVersion = 14.2;
						TestTargetID = 52F9A63029CA02AF00902436;
					};
					52F9A64A29CA02B300902436 = {
						CreatedOnToolsVersion = 14.2;
						TestTargetID = 52F9A63029CA02AF00902436;
					};
				};
			};
			buildConfigurationList = 52F9A62C29CA02AF00902436 /* Build configuration list for PBXProject "fcmtest" */;
			compatibilityVersion = "Xcode 14.0";
			developmentRegion = en;
			hasScannedForEncodings = 0;
			knownRegions = (
				en,
				Base,
			);
			mainGroup = 52F9A62829CA02AE00902436;
			productRefGroup = 52F9A63229CA02AF00902436 /* Products */;
			projectDirPath = "";
			projectRoot = "";
			targets = (
				52F9A63029CA02AF00902436 /* fcmtest */,
				52F9A64029CA02B300902436 /* fcmtestTests */,
				52F9A64A29CA02B300902436 /* fcmtestUITests */,
			);
		};
/* End PBXProject section */

/* Begin PBXResourcesBuildPhase section */
		52F9A62F29CA02AF00902436 /* Resources */ = {
			isa = PBXResourcesBuildPhase;
			buildActionMask = 2147483647;
			files = (
				52F9A63C29CA02B200902436 /* Preview Assets.xcassets in Resources */,
				52F9A63929CA02B200902436 /* Assets.xcassets in Resources */,
			);
			runOnlyForDeploymentPostprocessing = 0;
		};
		52F9A63F29CA02B300902436 /* Resources */ = {
			isa = PBXResourcesBuildPhase;
			buildActionMask = 2147483647;
			files = (
			);
			runOnlyForDeploymentPostprocessing = 0;
		};
		52F9A64929CA02B300902436 /* Resources */ = {
			isa = PBXResourcesBuildPhase;
			buildActionMask = 2147483647;
			files = (
			);
			runOnlyForDeploymentPostprocessing = 0;
		};
/* End PBXResourcesBuildPhase section */

/* Begin PBXSourcesBuildPhase section */
		52F9A62D29CA02AF00902436 /* Sources */ = {
			isa = PBXSourcesBuildPhase;
			buildActionMask = 2147483647;
			files = (
				52F9A63729CA02AF00902436 /* ContentView.swift in Sources */,
				52F9A63529CA02AF00902436 /* fcmtestApp.swift in Sources */,
			);
			runOnlyForDeploymentPostprocessing = 0;
		};
		52F9A63D29CA02B300902436 /* Sources */ = {
			isa = PBXSourcesBuildPhase;
			buildActionMask = 2147483647;
			files = (
				52F9A64629CA02B300902436 /* fcmtestTests.swift in Sources */,
			);
			runOnlyForDeploymentPostprocessing = 0;
		};
		52F9A64729CA02B300902436 /* Sources */ = {
			isa = PBXSourcesBuildPhase;
			buildActionMask = 2147483647;
			files = (
				52F9A65029CA02B300902436 /* fcmtestUITests.swift in Sources */,
				52F9A65229CA02B300902436 /* fcmtestUITestsLaunchTests.swift in Sources */,
			);
			runOnlyForDeploymentPostprocessing = 0;
		};
/* End PBXSourcesBuildPhase section */

/* Begin PBXTargetDependency section */
		52F9A64329CA02B300902436 /* PBXTargetDependency */ = {
			isa = PBXTargetDependency;
			target = 52F9A63029CA02AF00902436 /* fcmtest */;
			targetProxy = 52F9A64229CA02B300902436 /* PBXContainerItemProxy */;
		};
		52F9A64D29CA02B300902436 /* PBXTargetDependency */ = {
			isa = PBXTargetDependency;
			target = 52F9A63029CA02AF00902436 /* fcmtest */;
			targetProxy = 52F9A64C29CA02B300902436 /* PBXContainerItemProxy */;
		};
/* End PBXTargetDependency section */

/* Begin XCBuildConfiguration section */
		52F9A65329CA02B300902436 /* Debug */ = {
			isa = XCBuildConfiguration;
			buildSettings = {
				ALWAYS_SEARCH_USER_PATHS = NO;
				CLANG_ANALYZER_NONNULL = YES;
				CLANG_ANALYZER_NUMBER_OBJECT_CONVERSION = YES_AGGRESSIVE;
				CLANG_CXX_LANGUAGE_STANDARD = "gnu++20";
				CLANG_ENABLE_MODULES = YES;
				CLANG_ENABLE_OBJC_ARC = YES;
				CLANG_ENABLE_OBJC_WEAK = YES;
				CLANG_WARN_BLOCK_CAPTURE_AUTORELEASING = YES;
				CLANG_WARN_BOOL_CONVERSION = YES;
				CLANG_WARN_COMMA = YES;
				CLANG_WARN_CONSTANT_CONVERSION = YES;
				CLANG_WARN_DEPRECATED_OBJC_IMPLEMENTATIONS = YES;
				CLANG_WARN_DIRECT_OBJC_ISA_USAGE = YES_ERROR;
				CLANG_WARN_DOCUMENTATION_COMMENTS = YES;
				CLANG_WARN_EMPTY_BODY = YES;
				CLANG_WARN_ENUM_CONVERSION = YES;
				CLANG_WARN_INFINITE_RECURSION = YES;
				CLANG_WARN_INT_CONVERSION = YES;
				CLANG_WARN_NON_LITERAL_NULL_CONVERSION = YES;
				CLANG_WARN_OBJC_IMPLICIT_RETAIN_SELF = YES;
				CLANG_WARN_OBJC_LITERAL_CONVERSION = YES;
				CLANG_WARN_OBJC_ROOT_CLASS = YES_ERROR;
				CLANG_WARN_QUOTED_INCLUDE_IN_FRAMEWORK_HEADER = YES;
				CLANG_WARN_RANGE_LOOP_ANALYSIS = YES;
				CLANG_WARN_STRICT_PROTOTYPES = YES;
				CLANG_WARN_SUSPICIOUS_MOVE = YES;
				CLANG_WARN_UNGUARDED_AVAILABILITY = YES_AGGRESSIVE;
				CLANG_WARN_UNREACHABLE_CODE = YES;
				CLANG_WARN__DUPLICATE_METHOD_MATCH = YES;
				COPY_PHASE_STRIP = NO;
				DEBUG_INFORMATION_FORMAT = dwarf;
				ENABLE_STRICT_OBJC_MSGSEND = YES;
				ENABLE_TESTABILITY = YES;
				GCC_C_LANGUAGE_STANDARD = gnu11;
				GCC_DYNAMIC_NO_PIC = NO;
				GCC_NO_COMMON_BLOCKS = YES;
				GCC_OPTIMIZATION_LEVEL = 0;
				GCC_PREPROCESSOR_DEFINITIONS = (
					"DEBUG=1",
					"$(inherited)",
				);
				GCC_WARN_64_TO_32_BIT_CONVERSION = YES;
				GCC_WARN_ABOUT_RETURN_TYPE = YES_ERROR;
				GCC_WARN_UNDECLARED_SELECTOR = YES;
				GCC_WARN_UNINITIALIZED_AUTOS = YES_AGGRESSIVE;
				GCC_WARN_UNUSED_FUNCTION = YES;
				GCC_WARN_UNUSED_VARIABLE = YES;
				IPHONEOS_DEPLOYMENT_TARGET = 16.2;
				MTL_ENABLE_DEBUG_INFO = INCLUDE_SOURCE;
				MTL_FAST_MATH = YES;
				ONLY_ACTIVE_ARCH = YES;
				SDKROOT = iphoneos;
				SWIFT_ACTIVE_COMPILATION_CONDITIONS = DEBUG;
				SWIFT_OPTIMIZATION_LEVEL = "-Onone";
			};
			name = Debug;
		};
		52F9A65429CA02B300902436 /* Release */ = {
			isa = XCBuildConfiguration;
			buildSettings = {
				ALWAYS_SEARCH_USER_PATHS = NO;
				CLANG_ANALYZER_NONNULL = YES;
				CLANG_ANALYZER_NUMBER_OBJECT_CONVERSION = YES_AGGRESSIVE;
				CLANG_CXX_LANGUAGE_STANDARD = "gnu++20";
				CLANG_ENABLE_MODULES = YES;
				CLANG_ENABLE_OBJC_ARC = YES;
				CLANG_ENABLE_OBJC_WEAK = YES;
				CLANG_WARN_BLOCK_CAPTURE_AUTORELEASING = YES;
				CLANG_WARN_BOOL_CONVERSION = YES;
				CLANG_WARN_COMMA = YES;
				CLANG_WARN_CONSTANT_CONVERSION = YES;
				CLANG_WARN_DEPRECATED_OBJC_IMPLEMENTATIONS = YES;
				CLANG_WARN_DIRECT_OBJC_ISA_USAGE = YES_ERROR;
				CLANG_WARN_DOCUMENTATION_COMMENTS = YES;
				CLANG_WARN_EMPTY_BODY = YES;
				CLANG_WARN_ENUM_CONVERSION = YES;
				CLANG_WARN_INFINITE_RECURSION = YES;
				CLANG_WARN_INT_CONVERSION = YES;
				CLANG_WARN_NON_LITERAL_NULL_CONVERSION = YES;
				CLANG_WARN_OBJC_IMPLICIT_RETAIN_SELF = YES;
				CLANG_WARN_OBJC_LITERAL_CONVERSION = YES;
				CLANG_WARN_OBJC_ROOT_CLASS = YES_ERROR;
				CLANG_WARN_QUOTED_INCLUDE_IN_FRAMEWORK_HEADER = YES;
				CLANG_WARN_RANGE_LOOP_ANALYSIS = YES;
				CLANG_WARN_STRICT_PROTOTYPES = YES;
				CLANG_WARN_SUSPICIOUS_MOVE = YES;
				CLANG_WARN_UNGUARDED_AVAILABILITY = YES_AGGRESSIVE;
				CLANG_WARN_UNREACHABLE_CODE = YES;
				CLANG_WARN__DUPLICATE_METHOD_MATCH = YES;
				COPY_PHASE_STRIP = NO;
				DEBUG_INFORMATION_FORMAT = "dwarf-with-dsym";
				ENABLE_NS_ASSERTIONS = NO;
				ENABLE_STRICT_OBJC_MSGSEND = YES;
				GCC_C_LANGUAGE_STANDARD = gnu11;
				GCC_NO_COMMON_BLOCKS = YES;
				GCC_WARN_64_TO_32_BIT_CONVERSION = YES;
				GCC_WARN_ABOUT_RETURN_TYPE = YES_ERROR;
				GCC_WARN_UNDECLARED_SELECTOR = YES;
				GCC_WARN_UNINITIALIZED_AUTOS = YES_AGGRESSIVE;
				GCC_WARN_UNUSED_FUNCTION = YES;
				GCC_WARN_UNUSED_VARIABLE = YES;
				IPHONEOS_DEPLOYMENT_TARGET = 16.2;
				MTL_ENABLE_DEBUG_INFO = NO;
				MTL_FAST_MATH = YES;
				SDKROOT = iphoneos;
				SWIFT_COMPILATION_MODE = wholemodule;
				SWIFT_OPTIMIZATION_LEVEL = "-O";
				VALIDATE_PRODUCT = YES;
			};
			name = Release;
		};
		52F9A65629CA02B300902436 /* Debug */ = {
			isa = XCBuildConfiguration;
			buildSettings = {
				ASSETCATALOG_COMPILER_APPICON_NAME = AppIcon;
				ASSETCATALOG_COMPILER_GLOBAL_ACCENT_COLOR_NAME = AccentColor;
				CODE_SIGN_STYLE = Automatic;
				CURRENT_PROJECT_VERSION = 1;
				DEVELOPMENT_ASSET_PATHS = "\"fcmtest/Preview Content\"";
				ENABLE_PREVIEWS = YES;
				GENERATE_INFOPLIST_FILE = YES;
				INFOPLIST_KEY_UIApplicationSceneManifest_Generation = YES;
				INFOPLIST_KEY_UIApplicationSupportsIndirectInputEvents = YES;
				INFOPLIST_KEY_UILaunchScreen_Generation = YES;
				INFOPLIST_KEY_UISupportedInterfaceOrientations_iPad = "UIInterfaceOrientationPortrait UIInterfaceOrientationPortraitUpsideDown UIInterfaceOrientationLandscapeLeft UIInterfaceOrientationLandscapeRight";
				INFOPLIST_KEY_UISupportedInterfaceOrientations_iPhone = "UIInterfaceOrientationPortrait UIInterfaceOrientationLandscapeLeft UIInterfaceOrientationLandscapeRight";
				LD_RUNPATH_SEARCH_PATHS = (
					"$(inherited)",
					"@executable_path/Frameworks",
				);
				MARKETING_VERSION = 1.0;
				PRODUCT_BUNDLE_IDENTIFIER = com.example.fcmtest;
				PRODUCT_NAME = "$(TARGET_NAME)";
				SWIFT_EMIT_LOC_STRINGS = YES;
				SWIFT_VERSION = 5.0;
				TARGETED_DEVICE_FAMILY = "1,2";
			};
			name = Debug;
		};
		52F9A65729CA02B300902436 /* Release */ = {
			isa = XCBuildConfiguration;
			buildSettings = {
				ASSETCATALOG_COMPILER_APPICON_NAME = AppIcon;
				ASSETCATALOG_COMPILER_GLOBAL_ACCENT_COLOR_NAME = AccentColor;
				CODE_SIGN_STYLE = Automatic;
				CURRENT_PROJECT_VERSION = 1;
				DEVELOPMENT_ASSET_PATHS = "\"fcmtest/Preview Content\"";
				ENABLE_PREVIEWS = YES;
				GENERATE_INFOPLIST_FILE = YES;
				INFOPLIST_KEY_UIApplicationSceneManifest_Generation = YES;
				INFOPLIST_KEY_UIApplicationSupportsIndirectInputEvents = YES;
				INFOPLIST_KEY_UILaunchScreen_Generation = YES;
				INFOPLIST_KEY_UISupportedInterfaceOrientations_iPad = "UIInterfaceOrientationPortrait UIInterfaceOrientationPortraitUpsideDown UIInterfaceOrientationLandscapeLeft UIInterfaceOrientationLandscapeRight";
				INFOPLIST_KEY_UISupportedInterfaceOrientations_iPhone = "UIInterfaceOrientationPortrait UIInterfaceOrientationLandscapeLeft UIInterfaceOrientationLandscapeRight";
				LD_RUNPATH_SEARCH_PATHS = (
					"$(inherited)",
					"@executable_path/Frameworks",
				);
				MARKETING_VERSION = 1.0;
				PRODUCT_BUNDLE_IDENTIFIER = com.example.fcmtest;
				PRODUCT_NAME = "$(TARGET_NAME)";
				SWIFT_EMIT_LOC_STRINGS = YES;
				SWIFT_VERSION = 5.0;
				TARGETED_DEVICE_FAMILY = "1,2";
			};
			name = Release;
		};
		52F9A65929CA02B300902436 /* Debug */ = {
			isa = XCBuildConfiguration;
			buildSettings = {
				ALWAYS_EMBED_SWIFT_STANDARD_LIBRARIES = YES;
				BUNDLE_LOADER = "$(TEST_HOST)";
				CODE_SIGN_STYLE = Automatic;
				CURRENT_PROJECT_VERSION = 1;
				GENERATE_INFOPLIST_FILE = YES;
				IPHONEOS_DEPLOYMENT_TARGET = 16.2;
				MARKETING_VERSION = 1.0;
				PRODUCT_BUNDLE_IDENTIFIER = com.example.fcmtestTests;
				PRODUCT_NAME = "$(TARGET_NAME)";
				SWIFT_EMIT_LOC_STRINGS = NO;
				SWIFT_VERSION = 5.0;
				TARGETED_DEVICE_FAMILY = "1,2";
				TEST_HOST = "$(BUILT_PRODUCTS_DIR)/fcmtest.app/$(BUNDLE_EXECUTABLE_FOLDER_PATH)/fcmtest";
			};
			name = Debug;
		};
		52F9A65A29CA02B300902436 /* Release */ = {
			isa = XCBuildConfiguration;
			buildSettings = {
				ALWAYS_EMBED_SWIFT_STANDARD_LIBRARIES = YES;
				BUNDLE_LOADER = "$(TEST_HOST)";
				CODE_SIGN_STYLE = Automatic;
				CURRENT_PROJECT_VERSION = 1;
				GENERATE_INFOPLIST_FILE = YES;
				IPHONEOS_DEPLOYMENT_TARGET = 16.2;
				MARKETING_VERSION = 1.0;
				PRODUCT_BUNDLE_IDENTIFIER = com.example.fcmtestTests;
				PRODUCT_NAME = "$(TARGET_NAME)";
				SWIFT_EMIT_LOC_STRINGS = NO;
				SWIFT_VERSION = 5.0;
				TARGETED_DEVICE_FAMILY = "1,2";
				TEST_HOST = "$(BUILT_PRODUCTS_DIR)/fcmtest.app/$(BUNDLE_EXECUTABLE_FOLDER_PATH)/fcmtest";
			};
			name = Release;
		};
		52F9A65C29CA02B300902436 /* Debug */ = {
			isa = XCBuildConfiguration;
			buildSettings = {
				ALWAYS_EMBED_SWIFT_STANDARD_LIBRARIES = YES;
				CODE_SIGN_STYLE = Automatic;
				CURRENT_PROJECT_VERSION = 1;
				GENERATE_INFOPLIST_FILE = YES;
				MARKETING_VERSION = 1.0;
				PRODUCT_BUNDLE_IDENTIFIER = com.example.fcmtestUITests;
				PRODUCT_NAME = "$(TARGET_NAME)";
				SWIFT_EMIT_LOC_STRINGS = NO;
				SWIFT_VERSION = 5.0;
				TARGETED_DEVICE_FAMILY = "1,2";
				TEST_TARGET_NAME = fcmtest;
			};
			name = Debug;
		};
		52F9A65D29CA02B300902436 /* Release */ = {
			isa = XCBuildConfiguration;
			buildSettings = {
				ALWAYS_EMBED_SWIFT_STANDARD_LIBRARIES = YES;
				CODE_SIGN_STYLE = Automatic;
				CURRENT_PROJECT_VERSION = 1;
				GENERATE_INFOPLIST_FILE = YES;
				MARKETING_VERSION = 1.0;
				PRODUCT_BUNDLE_IDENTIFIER = com.example.fcmtestUITests;
				PRODUCT_NAME = "$(TARGET_NAME)";
				SWIFT_EMIT_LOC_STRINGS = NO;
				SWIFT_VERSION = 5.0;
				TARGETED_DEVICE_FAMILY = "1,2";
				TEST_TARGET_NAME = fcmtest;
			};
			name = Release;
		};
/* End XCBuildConfiguration section */

/* Begin XCConfigurationList section */
		52F9A62C29CA02AF00902436 /* Build configuration list for PBXProject "fcmtest" */ = {
			isa = XCConfigurationList;
			buildConfigurations = (
				52F9A65329CA02B300902436 /* Debug */,
				52F9A65429CA02B300902436 /* Release */,
			);
			defaultConfigurationIsVisible = 0;
			defaultConfigurationName = Release;
		};
		52F9A65529CA02B300902436 /* Build configuration list for PBXNativeTarget "fcmtest" */ = {
			isa = XCConfigurationList;
			buildConfigurations = (
				52F9A65629CA02B300902436 /* Debug */,
				52F9A65729CA02B300902436 /* Release */,
			);
			defaultConfigurationIsVisible = 0;
			defaultConfigurationName = Release;
		};
		52F9A65829CA02B300902436 /* Build configuration list for PBXNativeTarget "fcmtestTests" */ = {
			isa = XCConfigurationList;
			buildConfigurations = (
				52F9A65929CA02B300902436 /* Debug */,
				52F9A65A29CA02B300902436 /* Release */,
			);
			defaultConfigurationIsVisible = 0;
			defaultConfigurationName = Release;
		};
		52F9A65B29CA02B300902436 /* Build configuration list for PBXNativeTarget "fcmtestUITests" */ = {
			isa = XCConfigurationList;
			buildConfigurations = (
				52F9A65C29CA02B300902436 /* Debug */,
				52F9A65D29CA02B300902436 /* Release */,
			);
			defaultConfigurationIsVisible = 0;
			defaultConfigurationName = Release;
		};
/* End XCConfigurationList section */
	};
	rootObject = 52F9A62929CA02AF00902436 /* Project object */;
}
